// !$*UTF8*$!
{
	archiveVersion = 1;
	classes = {
	};
	objectVersion = 51;
	objects = {

/* Begin PBXBuildFile section */
		AA7F613CE6D9D86B2CDB05BB /* Pods_Instagram.framework in Frameworks */ = {isa = PBXBuildFile; fileRef = 6F863936A50A1EF8B9233906 /* Pods_Instagram.framework */; };
		C1042F81246A309A00185637 /* Const.swift in Sources */ = {isa = PBXBuildFile; fileRef = C1042F80246A309A00185637 /* Const.swift */; };
		C1959545246A5A1F00F985CE /* PostData.swift in Sources */ = {isa = PBXBuildFile; fileRef = C1959544246A5A1F00F985CE /* PostData.swift */; };
		C1959548246A5E5000F985CE /* PostTableViewCell.swift in Sources */ = {isa = PBXBuildFile; fileRef = C1959546246A5E5000F985CE /* PostTableViewCell.swift */; };
		C1959549246A5E5000F985CE /* PostTableViewCell.xib in Resources */ = {isa = PBXBuildFile; fileRef = C1959547246A5E5000F985CE /* PostTableViewCell.xib */; };
		C1959561246D2CE100F985CE /* CommentViewController.swift in Sources */ = {isa = PBXBuildFile; fileRef = C1959560246D2CE100F985CE /* CommentViewController.swift */; };
		C1C7CD472465137C00346957 /* AppDelegate.swift in Sources */ = {isa = PBXBuildFile; fileRef = C1C7CD462465137C00346957 /* AppDelegate.swift */; };
		C1C7CD492465137C00346957 /* SceneDelegate.swift in Sources */ = {isa = PBXBuildFile; fileRef = C1C7CD482465137C00346957 /* SceneDelegate.swift */; };
		C1C7CD4E2465137C00346957 /* Main.storyboard in Resources */ = {isa = PBXBuildFile; fileRef = C1C7CD4C2465137C00346957 /* Main.storyboard */; };
		C1C7CD502465137E00346957 /* Assets.xcassets in Resources */ = {isa = PBXBuildFile; fileRef = C1C7CD4F2465137E00346957 /* Assets.xcassets */; };
		C1C7CD532465137E00346957 /* LaunchScreen.storyboard in Resources */ = {isa = PBXBuildFile; fileRef = C1C7CD512465137E00346957 /* LaunchScreen.storyboard */; };
		C1C7CD5B24651DDD00346957 /* LoginViewController.swift in Sources */ = {isa = PBXBuildFile; fileRef = C1C7CD5A24651DDD00346957 /* LoginViewController.swift */; };
		C1C7CD5D24651DE300346957 /* HomeViewController.swift in Sources */ = {isa = PBXBuildFile; fileRef = C1C7CD5C24651DE300346957 /* HomeViewController.swift */; };
		C1C7CD5F24651DF400346957 /* ImageSelectViewController.swift in Sources */ = {isa = PBXBuildFile; fileRef = C1C7CD5E24651DF400346957 /* ImageSelectViewController.swift */; };
		C1C7CD6124651DFF00346957 /* PostViewController.swift in Sources */ = {isa = PBXBuildFile; fileRef = C1C7CD6024651DFF00346957 /* PostViewController.swift */; };
		C1C7CD6324651E0D00346957 /* SettingViewController.swift in Sources */ = {isa = PBXBuildFile; fileRef = C1C7CD6224651E0D00346957 /* SettingViewController.swift */; };
		C1C7CD65246528B600346957 /* TabBarController.swift in Sources */ = {isa = PBXBuildFile; fileRef = C1C7CD64246528B600346957 /* TabBarController.swift */; };
		C1C7CD692465358900346957 /* GoogleService-Info.plist in Resources */ = {isa = PBXBuildFile; fileRef = C1C7CD682465358900346957 /* GoogleService-Info.plist */; };
/* End PBXBuildFile section */

/* Begin PBXFileReference section */
		5F77DEFE9F79265E5E959DC6 /* Pods-Instagram.debug.xcconfig */ = {isa = PBXFileReference; includeInIndex = 1; lastKnownFileType = text.xcconfig; name = "Pods-Instagram.debug.xcconfig"; path = "Target Support Files/Pods-Instagram/Pods-Instagram.debug.xcconfig"; sourceTree = "<group>"; };
		6F863936A50A1EF8B9233906 /* Pods_Instagram.framework */ = {isa = PBXFileReference; explicitFileType = wrapper.framework; includeInIndex = 0; path = Pods_Instagram.framework; sourceTree = BUILT_PRODUCTS_DIR; };
		AB6BCC3B2284A5B238212F30 /* Pods-Instagram.release.xcconfig */ = {isa = PBXFileReference; includeInIndex = 1; lastKnownFileType = text.xcconfig; name = "Pods-Instagram.release.xcconfig"; path = "Target Support Files/Pods-Instagram/Pods-Instagram.release.xcconfig"; sourceTree = "<group>"; };
		C1042F80246A309A00185637 /* Const.swift */ = {isa = PBXFileReference; lastKnownFileType = sourcecode.swift; path = Const.swift; sourceTree = "<group>"; };
		C1959544246A5A1F00F985CE /* PostData.swift */ = {isa = PBXFileReference; lastKnownFileType = sourcecode.swift; path = PostData.swift; sourceTree = "<group>"; };
		C1959546246A5E5000F985CE /* PostTableViewCell.swift */ = {isa = PBXFileReference; lastKnownFileType = sourcecode.swift; path = PostTableViewCell.swift; sourceTree = "<group>"; };
		C1959547246A5E5000F985CE /* PostTableViewCell.xib */ = {isa = PBXFileReference; lastKnownFileType = file.xib; path = PostTableViewCell.xib; sourceTree = "<group>"; };
		C1959560246D2CE100F985CE /* CommentViewController.swift */ = {isa = PBXFileReference; fileEncoding = 4; lastKnownFileType = sourcecode.swift; path = CommentViewController.swift; sourceTree = "<group>"; };
		C1C7CD432465137C00346957 /* Instagram.app */ = {isa = PBXFileReference; explicitFileType = wrapper.application; includeInIndex = 0; path = Instagram.app; sourceTree = BUILT_PRODUCTS_DIR; };
		C1C7CD462465137C00346957 /* AppDelegate.swift */ = {isa = PBXFileReference; lastKnownFileType = sourcecode.swift; path = AppDelegate.swift; sourceTree = "<group>"; };
		C1C7CD482465137C00346957 /* SceneDelegate.swift */ = {isa = PBXFileReference; lastKnownFileType = sourcecode.swift; path = SceneDelegate.swift; sourceTree = "<group>"; };
		C1C7CD4D2465137C00346957 /* Base */ = {isa = PBXFileReference; lastKnownFileType = file.storyboard; name = Base; path = Base.lproj/Main.storyboard; sourceTree = "<group>"; };
		C1C7CD4F2465137E00346957 /* Assets.xcassets */ = {isa = PBXFileReference; lastKnownFileType = folder.assetcatalog; path = Assets.xcassets; sourceTree = "<group>"; };
		C1C7CD522465137E00346957 /* Base */ = {isa = PBXFileReference; lastKnownFileType = file.storyboard; name = Base; path = Base.lproj/LaunchScreen.storyboard; sourceTree = "<group>"; };
		C1C7CD542465137E00346957 /* Info.plist */ = {isa = PBXFileReference; lastKnownFileType = text.plist.xml; path = Info.plist; sourceTree = "<group>"; };
		C1C7CD5A24651DDD00346957 /* LoginViewController.swift */ = {isa = PBXFileReference; lastKnownFileType = sourcecode.swift; path = LoginViewController.swift; sourceTree = "<group>"; };
		C1C7CD5C24651DE300346957 /* HomeViewController.swift */ = {isa = PBXFileReference; lastKnownFileType = sourcecode.swift; path = HomeViewController.swift; sourceTree = "<group>"; };
		C1C7CD5E24651DF400346957 /* ImageSelectViewController.swift */ = {isa = PBXFileReference; lastKnownFileType = sourcecode.swift; path = ImageSelectViewController.swift; sourceTree = "<group>"; };
		C1C7CD6024651DFF00346957 /* PostViewController.swift */ = {isa = PBXFileReference; lastKnownFileType = sourcecode.swift; path = PostViewController.swift; sourceTree = "<group>"; };
		C1C7CD6224651E0D00346957 /* SettingViewController.swift */ = {isa = PBXFileReference; lastKnownFileType = sourcecode.swift; path = SettingViewController.swift; sourceTree = "<group>"; };
		C1C7CD64246528B600346957 /* TabBarController.swift */ = {isa = PBXFileReference; lastKnownFileType = sourcecode.swift; path = TabBarController.swift; sourceTree = "<group>"; };
		C1C7CD682465358900346957 /* GoogleService-Info.plist */ = {isa = PBXFileReference; fileEncoding = 4; lastKnownFileType = text.plist.xml; path = "GoogleService-Info.plist"; sourceTree = "<group>"; };
/* End PBXFileReference section */

/* Begin PBXFrameworksBuildPhase section */
		C1C7CD402465137C00346957 /* Frameworks */ = {
			isa = PBXFrameworksBuildPhase;
			buildActionMask = 2147483647;
			files = (
				AA7F613CE6D9D86B2CDB05BB /* Pods_Instagram.framework in Frameworks */,
			);
			runOnlyForDeploymentPostprocessing = 0;
		};
/* End PBXFrameworksBuildPhase section */

/* Begin PBXGroup section */
		4BD041DA8526F4E2DC3F53D8 /* Frameworks */ = {
			isa = PBXGroup;
			children = (
				6F863936A50A1EF8B9233906 /* Pods_Instagram.framework */,
			);
			name = Frameworks;
			sourceTree = "<group>";
		};
		C1C7CD3A2465137C00346957 = {
			isa = PBXGroup;
			children = (
				C1C7CD452465137C00346957 /* Instagram */,
				C1C7CD442465137C00346957 /* Products */,
				F0087543F63DF2FA0D03F2B7 /* Pods */,
				4BD041DA8526F4E2DC3F53D8 /* Frameworks */,
			);
			sourceTree = "<group>";
		};
		C1C7CD442465137C00346957 /* Products */ = {
			isa = PBXGroup;
			children = (
				C1C7CD432465137C00346957 /* Instagram.app */,
			);
			name = Products;
			sourceTree = "<group>";
		};
		C1C7CD452465137C00346957 /* Instagram */ = {
			isa = PBXGroup;
			children = (
				C1C7CD462465137C00346957 /* AppDelegate.swift */,
				C1C7CD482465137C00346957 /* SceneDelegate.swift */,
				C1C7CD4C2465137C00346957 /* Main.storyboard */,
				C1C7CD4F2465137E00346957 /* Assets.xcassets */,
				C1C7CD682465358900346957 /* GoogleService-Info.plist */,
				C1C7CD512465137E00346957 /* LaunchScreen.storyboard */,
				C1C7CD542465137E00346957 /* Info.plist */,
				C1C7CD64246528B600346957 /* TabBarController.swift */,
				C1C7CD5A24651DDD00346957 /* LoginViewController.swift */,
				C1C7CD5C24651DE300346957 /* HomeViewController.swift */,
				C1C7CD5E24651DF400346957 /* ImageSelectViewController.swift */,
				C1959560246D2CE100F985CE /* CommentViewController.swift */,
				C1C7CD6024651DFF00346957 /* PostViewController.swift */,
				C1C7CD6224651E0D00346957 /* SettingViewController.swift */,
				C1959546246A5E5000F985CE /* PostTableViewCell.swift */,
				C1959547246A5E5000F985CE /* PostTableViewCell.xib */,
				C1959544246A5A1F00F985CE /* PostData.swift */,
				C1042F80246A309A00185637 /* Const.swift */,
			);
			path = Instagram;
			sourceTree = "<group>";
		};
		F0087543F63DF2FA0D03F2B7 /* Pods */ = {
			isa = PBXGroup;
			children = (
				5F77DEFE9F79265E5E959DC6 /* Pods-Instagram.debug.xcconfig */,
				AB6BCC3B2284A5B238212F30 /* Pods-Instagram.release.xcconfig */,
			);
			path = Pods;
			sourceTree = "<group>";
		};
/* End PBXGroup section */

/* Begin PBXNativeTarget section */
		C1C7CD422465137C00346957 /* Instagram */ = {
			isa = PBXNativeTarget;
			buildConfigurationList = C1C7CD572465137E00346957 /* Build configuration list for PBXNativeTarget "Instagram" */;
			buildPhases = (
				85426E8391910A2276388287 /* [CP] Check Pods Manifest.lock */,
				C1C7CD3F2465137C00346957 /* Sources */,
				C1C7CD402465137C00346957 /* Frameworks */,
				C1C7CD412465137C00346957 /* Resources */,
				7E8149CA920F1F48E06FDBAA /* [CP] Embed Pods Frameworks */,
			);
			buildRules = (
			);
			dependencies = (
			);
			name = Instagram;
			productName = Instagram;
			productReference = C1C7CD432465137C00346957 /* Instagram.app */;
			productType = "com.apple.product-type.application";
		};
/* End PBXNativeTarget section */

/* Begin PBXProject section */
		C1C7CD3B2465137C00346957 /* Project object */ = {
			isa = PBXProject;
			attributes = {
				LastSwiftUpdateCheck = 1110;
				LastUpgradeCheck = 1110;
				ORGANIZATIONNAME = shoma.okamoto;
				TargetAttributes = {
					C1C7CD422465137C00346957 = {
						CreatedOnToolsVersion = 11.1;
					};
				};
			};
			buildConfigurationList = C1C7CD3E2465137C00346957 /* Build configuration list for PBXProject "Instagram" */;
			compatibilityVersion = "Xcode 9.3";
			developmentRegion = en;
			hasScannedForEncodings = 0;
			knownRegions = (
				en,
				Base,
			);
			mainGroup = C1C7CD3A2465137C00346957;
			productRefGroup = C1C7CD442465137C00346957 /* Products */;
			projectDirPath = "";
			projectRoot = "";
			targets = (
				C1C7CD422465137C00346957 /* Instagram */,
			);
		};
/* End PBXProject section */

/* Begin PBXResourcesBuildPhase section */
		C1C7CD412465137C00346957 /* Resources */ = {
			isa = PBXResourcesBuildPhase;
			buildActionMask = 2147483647;
			files = (
				C1C7CD532465137E00346957 /* LaunchScreen.storyboard in Resources */,
				C1959549246A5E5000F985CE /* PostTableViewCell.xib in Resources */,
				C1C7CD692465358900346957 /* GoogleService-Info.plist in Resources */,
				C1C7CD502465137E00346957 /* Assets.xcassets in Resources */,
				C1C7CD4E2465137C00346957 /* Main.storyboard in Resources */,
			);
			runOnlyForDeploymentPostprocessing = 0;
		};
/* End PBXResourcesBuildPhase section */

/* Begin PBXShellScriptBuildPhase section */
		7E8149CA920F1F48E06FDBAA /* [CP] Embed Pods Frameworks */ = {
			isa = PBXShellScriptBuildPhase;
			buildActionMask = 2147483647;
			files = (
			);
			inputFileListPaths = (
				"${PODS_ROOT}/Target Support Files/Pods-Instagram/Pods-Instagram-frameworks-${CONFIGURATION}-input-files.xcfilelist",
			);
			name = "[CP] Embed Pods Frameworks";
			outputFileListPaths = (
				"${PODS_ROOT}/Target Support Files/Pods-Instagram/Pods-Instagram-frameworks-${CONFIGURATION}-output-files.xcfilelist",
			);
			runOnlyForDeploymentPostprocessing = 0;
			shellPath = /bin/sh;
			shellScript = "\"${PODS_ROOT}/Target Support Files/Pods-Instagram/Pods-Instagram-frameworks.sh\"\n";
			showEnvVarsInLog = 0;
		};
		85426E8391910A2276388287 /* [CP] Check Pods Manifest.lock */ = {
			isa = PBXShellScriptBuildPhase;
			buildActionMask = 2147483647;
			files = (
			);
			inputFileListPaths = (
			);
			inputPaths = (
				"${PODS_PODFILE_DIR_PATH}/Podfile.lock",
				"${PODS_ROOT}/Manifest.lock",
			);
			name = "[CP] Check Pods Manifest.lock";
			outputFileListPaths = (
			);
			outputPaths = (
				"$(DERIVED_FILE_DIR)/Pods-Instagram-checkManifestLockResult.txt",
			);
			runOnlyForDeploymentPostprocessing = 0;
			shellPath = /bin/sh;
			shellScript = "diff \"${PODS_PODFILE_DIR_PATH}/Podfile.lock\" \"${PODS_ROOT}/Manifest.lock\" > /dev/null\nif [ $? != 0 ] ; then\n    # print error to STDERR\n    echo \"error: The sandbox is not in sync with the Podfile.lock. Run 'pod install' or update your CocoaPods installation.\" >&2\n    exit 1\nfi\n# This output is used by Xcode 'outputs' to avoid re-running this script phase.\necho \"SUCCESS\" > \"${SCRIPT_OUTPUT_FILE_0}\"\n";
			showEnvVarsInLog = 0;
		};
/* End PBXShellScriptBuildPhase section */

/* Begin PBXSourcesBuildPhase section */
		C1C7CD3F2465137C00346957 /* Sources */ = {
			isa = PBXSourcesBuildPhase;
			buildActionMask = 2147483647;
			files = (
				C1959548246A5E5000F985CE /* PostTableViewCell.swift in Sources */,
				C1959561246D2CE100F985CE /* CommentViewController.swift in Sources */,
				C1C7CD5F24651DF400346957 /* ImageSelectViewController.swift in Sources */,
				C1C7CD65246528B600346957 /* TabBarController.swift in Sources */,
				C1C7CD5D24651DE300346957 /* HomeViewController.swift in Sources */,
				C1C7CD6124651DFF00346957 /* PostViewController.swift in Sources */,
				C1C7CD6324651E0D00346957 /* SettingViewController.swift in Sources */,
				C1959545246A5A1F00F985CE /* PostData.swift in Sources */,
				C1C7CD5B24651DDD00346957 /* LoginViewController.swift in Sources */,
				C1C7CD472465137C00346957 /* AppDelegate.swift in Sources */,
				C1C7CD492465137C00346957 /* SceneDelegate.swift in Sources */,
				C1042F81246A309A00185637 /* Const.swift in Sources */,
			);
			runOnlyForDeploymentPostprocessing = 0;
		};
/* End PBXSourcesBuildPhase section */

/* Begin PBXVariantGroup section */
		C1C7CD4C2465137C00346957 /* Main.storyboard */ = {
			isa = PBXVariantGroup;
			children = (
				C1C7CD4D2465137C00346957 /* Base */,
			);
			name = Main.storyboard;
			sourceTree = "<group>";
		};
		C1C7CD512465137E00346957 /* LaunchScreen.storyboard */ = {
			isa = PBXVariantGroup;
			children = (
				C1C7CD522465137E00346957 /* Base */,
			);
			name = LaunchScreen.storyboard;
			sourceTree = "<group>";
		};
/* End PBXVariantGroup section */

/* Begin XCBuildConfiguration section */
		C1C7CD552465137E00346957 /* Debug */ = {
			isa = XCBuildConfiguration;
			buildSettings = {
				ALWAYS_SEARCH_USER_PATHS = NO;
				CLANG_ANALYZER_NONNULL = YES;
				CLANG_ANALYZER_NUMBER_OBJECT_CONVERSION = YES_AGGRESSIVE;
				CLANG_CXX_LANGUAGE_STANDARD = "gnu++14";
				CLANG_CXX_LIBRARY = "libc++";
				CLANG_ENABLE_MODULES = YES;
				CLANG_ENABLE_OBJC_ARC = YES;
				CLANG_ENABLE_OBJC_WEAK = YES;
				CLANG_WARN_BLOCK_CAPTURE_AUTORELEASING = YES;
				CLANG_WARN_BOOL_CONVERSION = YES;
				CLANG_WARN_COMMA = YES;
				CLANG_WARN_CONSTANT_CONVERSION = YES;
				CLANG_WARN_DEPRECATED_OBJC_IMPLEMENTATIONS = YES;
				CLANG_WARN_DIRECT_OBJC_ISA_USAGE = YES_ERROR;
				CLANG_WARN_DOCUMENTATION_COMMENTS = YES;
				CLANG_WARN_EMPTY_BODY = YES;
				CLANG_WARN_ENUM_CONVERSION = YES;
				CLANG_WARN_INFINITE_RECURSION = YES;
				CLANG_WARN_INT_CONVERSION = YES;
				CLANG_WARN_NON_LITERAL_NULL_CONVERSION = YES;
				CLANG_WARN_OBJC_IMPLICIT_RETAIN_SELF = YES;
				CLANG_WARN_OBJC_LITERAL_CONVERSION = YES;
				CLANG_WARN_OBJC_ROOT_CLASS = YES_ERROR;
				CLANG_WARN_RANGE_LOOP_ANALYSIS = YES;
				CLANG_WARN_STRICT_PROTOTYPES = YES;
				CLANG_WARN_SUSPICIOUS_MOVE = YES;
				CLANG_WARN_UNGUARDED_AVAILABILITY = YES_AGGRESSIVE;
				CLANG_WARN_UNREACHABLE_CODE = YES;
				CLANG_WARN__DUPLICATE_METHOD_MATCH = YES;
				COPY_PHASE_STRIP = NO;
				DEBUG_INFORMATION_FORMAT = dwarf;
				ENABLE_STRICT_OBJC_MSGSEND = YES;
				ENABLE_TESTABILITY = YES;
				GCC_C_LANGUAGE_STANDARD = gnu11;
				GCC_DYNAMIC_NO_PIC = NO;
				GCC_NO_COMMON_BLOCKS = YES;
				GCC_OPTIMIZATION_LEVEL = 0;
				GCC_PREPROCESSOR_DEFINITIONS = (
					"DEBUG=1",
					"$(inherited)",
				);
				GCC_WARN_64_TO_32_BIT_CONVERSION = YES;
				GCC_WARN_ABOUT_RETURN_TYPE = YES_ERROR;
				GCC_WARN_UNDECLARED_SELECTOR = YES;
				GCC_WARN_UNINITIALIZED_AUTOS = YES_AGGRESSIVE;
				GCC_WARN_UNUSED_FUNCTION = YES;
				GCC_WARN_UNUSED_VARIABLE = YES;
				IPHONEOS_DEPLOYMENT_TARGET = 13.1;
				MTL_ENABLE_DEBUG_INFO = INCLUDE_SOURCE;
				MTL_FAST_MATH = YES;
				ONLY_ACTIVE_ARCH = YES;
				SDKROOT = iphoneos;
				SWIFT_ACTIVE_COMPILATION_CONDITIONS = DEBUG;
				SWIFT_OPTIMIZATION_LEVEL = "-Onone";
			};
			name = Debug;
		};
		C1C7CD562465137E00346957 /* Release */ = {
			isa = XCBuildConfiguration;
			buildSettings = {
				ALWAYS_SEARCH_USER_PATHS = NO;
				CLANG_ANALYZER_NONNULL = YES;
				CLANG_ANALYZER_NUMBER_OBJECT_CONVERSION = YES_AGGRESSIVE;
				CLANG_CXX_LANGUAGE_STANDARD = "gnu++14";
				CLANG_CXX_LIBRARY = "libc++";
				CLANG_ENABLE_MODULES = YES;
				CLANG_ENABLE_OBJC_ARC = YES;
				CLANG_ENABLE_OBJC_WEAK = YES;
				CLANG_WARN_BLOCK_CAPTURE_AUTORELEASING = YES;
				CLANG_WARN_BOOL_CONVERSION = YES;
				CLANG_WARN_COMMA = YES;
				CLANG_WARN_CONSTANT_CONVERSION = YES;
				CLANG_WARN_DEPRECATED_OBJC_IMPLEMENTATIONS = YES;
				CLANG_WARN_DIRECT_OBJC_ISA_USAGE = YES_ERROR;
				CLANG_WARN_DOCUMENTATION_COMMENTS = YES;
				CLANG_WARN_EMPTY_BODY = YES;
				CLANG_WARN_ENUM_CONVERSION = YES;
				CLANG_WARN_INFINITE_RECURSION = YES;
				CLANG_WARN_INT_CONVERSION = YES;
				CLANG_WARN_NON_LITERAL_NULL_CONVERSION = YES;
				CLANG_WARN_OBJC_IMPLICIT_RETAIN_SELF = YES;
				CLANG_WARN_OBJC_LITERAL_CONVERSION = YES;
				CLANG_WARN_OBJC_ROOT_CLASS = YES_ERROR;
				CLANG_WARN_RANGE_LOOP_ANALYSIS = YES;
				CLANG_WARN_STRICT_PROTOTYPES = YES;
				CLANG_WARN_SUSPICIOUS_MOVE = YES;
				CLANG_WARN_UNGUARDED_AVAILABILITY = YES_AGGRESSIVE;
				CLANG_WARN_UNREACHABLE_CODE = YES;
				CLANG_WARN__DUPLICATE_METHOD_MATCH = YES;
				COPY_PHASE_STRIP = NO;
				DEBUG_INFORMATION_FORMAT = "dwarf-with-dsym";
				ENABLE_NS_ASSERTIONS = NO;
				ENABLE_STRICT_OBJC_MSGSEND = YES;
				GCC_C_LANGUAGE_STANDARD = gnu11;
				GCC_NO_COMMON_BLOCKS = YES;
				GCC_WARN_64_TO_32_BIT_CONVERSION = YES;
				GCC_WARN_ABOUT_RETURN_TYPE = YES_ERROR;
				GCC_WARN_UNDECLARED_SELECTOR = YES;
				GCC_WARN_UNINITIALIZED_AUTOS = YES_AGGRESSIVE;
				GCC_WARN_UNUSED_FUNCTION = YES;
				GCC_WARN_UNUSED_VARIABLE = YES;
				IPHONEOS_DEPLOYMENT_TARGET = 13.1;
				MTL_ENABLE_DEBUG_INFO = NO;
				MTL_FAST_MATH = YES;
				SDKROOT = iphoneos;
				SWIFT_COMPILATION_MODE = wholemodule;
				SWIFT_OPTIMIZATION_LEVEL = "-O";
				VALIDATE_PRODUCT = YES;
			};
			name = Release;
		};
		C1C7CD582465137E00346957 /* Debug */ = {
			isa = XCBuildConfiguration;
			baseConfigurationReference = 5F77DEFE9F79265E5E959DC6 /* Pods-Instagram.debug.xcconfig */;
			buildSettings = {
				ASSETCATALOG_COMPILER_APPICON_NAME = AppIcon;
				CODE_SIGN_STYLE = Automatic;
				INFOPLIST_FILE = Instagram/Info.plist;
				LD_RUNPATH_SEARCH_PATHS = (
					"$(inherited)",
					"@executable_path/Frameworks",
				);
				PRODUCT_BUNDLE_IDENTIFIER = jp.techacademy.shoma.okamoto.Instagram;
				PRODUCT_NAME = "$(TARGET_NAME)";
				SWIFT_VERSION = 5.0;
				TARGETED_DEVICE_FAMILY = 1;
			};
			name = Debug;
		};
		C1C7CD592465137E00346957 /* Release */ = {
			isa = XCBuildConfiguration;
			baseConfigurationReference = AB6BCC3B2284A5B238212F30 /* Pods-Instagram.release.xcconfig */;
			buildSettings = {
				ASSETCATALOG_COMPILER_APPICON_NAME = AppIcon;
				CODE_SIGN_STYLE = Automatic;
				INFOPLIST_FILE = Instagram/Info.plist;
				LD_RUNPATH_SEARCH_PATHS = (
					"$(inherited)",
					"@executable_path/Frameworks",
				);
				PRODUCT_BUNDLE_IDENTIFIER = jp.techacademy.shoma.okamoto.Instagram;
				PRODUCT_NAME = "$(TARGET_NAME)";
				SWIFT_VERSION = 5.0;
				TARGETED_DEVICE_FAMILY = 1;
			};
			name = Release;
		};
/* End XCBuildConfiguration section */

/* Begin XCConfigurationList section */
		C1C7CD3E2465137C00346957 /* Build configuration list for PBXProject "Instagram" */ = {
			isa = XCConfigurationList;
			buildConfigurations = (
				C1C7CD552465137E00346957 /* Debug */,
				C1C7CD562465137E00346957 /* Release */,
			);
			defaultConfigurationIsVisible = 0;
			defaultConfigurationName = Release;
		};
		C1C7CD572465137E00346957 /* Build configuration list for PBXNativeTarget "Instagram" */ = {
			isa = XCConfigurationList;
			buildConfigurations = (
				C1C7CD582465137E00346957 /* Debug */,
				C1C7CD592465137E00346957 /* Release */,
			);
			defaultConfigurationIsVisible = 0;
			defaultConfigurationName = Release;
		};
/* End XCConfigurationList section */
	};
	rootObject = C1C7CD3B2465137C00346957 /* Project object */;
}
